<Solution>
  <Folder Name="/src/">
    <Project Path="MyApp.Api/MyApp.Api.csproj" />
    <Project Path="MyApp.Application/MyApp.Application.csproj" />
    <Project Path="MyApp.Domain/MyApp.Domain.csproj" />
    <Project Path="MyApp.Infrastructure/MyApp.Infrastructure.csproj" />
    <Project Path="MyApp.Persistence/MyApp.Persistence.csproj" />
  </Folder>
  <Folder Name="/tests/">
    <Project Path="MyApp.Tests/MyApp.Tests.csproj" />
  </Folder>
</Solution>
